version: 2.0
shards:
  backtracer:
    git: https://github.com/sija/backtracer.cr.git
    version: 1.2.1

  exception_page:
    git: https://github.com/crystal-loot/exception_page.git
    version: 0.2.0

  kemal:
    git: https://github.com/kemalcr/kemal.git
    version: 1.1.0

  kilt:
    git: https://github.com/jeromegn/kilt.git
    version: 0.6.1

  moana_client:
    path: ../clients/crystal
    version: 0.1.0

  moana_types:
    path: ../types
    version: 0.1.0

  moana_volgen:
    path: ../volgen
    version: 0.1.0

  radix:
    git: https://github.com/luislavena/radix.git
    version: 0.4.1

  xattr:
    git: https://github.com/ettomatic/xattr.git
    version: 0.7.0+git.commit.4acdcb3be0c6f1f7ed620587fbb62e852ed38c60

